
Microsoft Visual Studio Solution File, Format Version 12.00
# Visual Studio 2012
Project("{FAE04EC0-301F-11D3-BF4B-00C04F79EFBC}") = "T2Auto", "T2Auto.csproj", "{B1FCAC13-F911-415F-8ADF-39A032ADA851}"
EndProject
Global
	GlobalSection(SolutionConfigurationPlatforms) = preSolution
		Debug|Any CPU = Debug|Any CPU
		Release|Any CPU = Release|Any CPU
	EndGlobalSection
	GlobalSection(ProjectConfigurationPlatforms) = postSolution
		{B1FCAC13-F911-415F-8ADF-39A032ADA851}.Debug|Any CPU.ActiveCfg = Debug|Any CPU
		{B1FCAC13-F911-415F-8ADF-39A032ADA851}.Debug|Any CPU.Build.0 = Debug|Any CPU
		{B1FCAC13-F911-415F-8ADF-39A032ADA851}.Release|Any CPU.ActiveCfg = Release|Any CPU
		{B1FCAC13-F911-415F-8ADF-39A032ADA851}.Release|Any CPU.Build.0 = Release|Any CPU
	EndGlobalSection
	GlobalSection(SolutionProperties) = preSolution
		HideSolutionNode = FALSE
	EndGlobalSection
EndGlobal
